
Microsoft Visual Studio Solution File, Format Version 12.00
# Visual Studio Version 17
VisualStudioVersion = 17.14.37516.0
MinimumVisualStudioVersion = 10.0.40219.1
Project("{FAE04EC0-301F-11D3-BF4B-00C04F79EFBC}") = "pokedex-web", "pokedex-web\pokedex-web.csproj", "{BBB42637-83CA-41A7-9176-23D51950DEA2}"
EndProject
Project("{FAE04EC0-301F-11D3-BF4B-00C04F79EFBC}") = "dominio", "dominio\dominio.csproj", "{12F3CF19-F88C-0774-969F-8840F52C7312}"
EndProject
Project("{FAE04EC0-301F-11D3-BF4B-00C04F79EFBC}") = "negocio", "negocio\negocio.csproj", "{F5F253F4-6495-3F7A-8440-B0CB17D5BBB9}"
EndProject
Global
	GlobalSection(SolutionConfigurationPlatforms) = preSolution
		Debug|Any CPU = Debug|Any CPU
		Release|Any CPU = Release|Any CPU
	EndGlobalSection
	GlobalSection(ProjectConfigurationPlatforms) = postSolution
		{BBB42637-83CA-41A7-9176-23D51950DEA2}.Debug|Any CPU.ActiveCfg = Debug|Any CPU
		{BBB42637-83CA-41A7-9176-23D51950DEA2}.Debug|Any CPU.Build.0 = Debug|Any CPU
		{BBB42637-83CA-41A7-9176-23D51950DEA2}.Release|Any CPU.ActiveCfg = Release|Any CPU
		{BBB42637-83CA-41A7-9176-23D51950DEA2}.Release|Any CPU.Build.0 = Release|Any CPU
		{12F3CF19-F88C-0774-969F-8840F52C7312}.Debug|Any CPU.ActiveCfg = Debug|Any CPU
		{12F3CF19-F88C-0774-969F-8840F52C7312}.Debug|Any CPU.Build.0 = Debug|Any CPU
		{12F3CF19-F88C-0774-969F-8840F52C7312}.Release|Any CPU.ActiveCfg = Release|Any CPU
		{12F3CF19-F88C-0774-969F-8840F52C7312}.Release|Any CPU.Build.0 = Release|Any CPU
		{F5F253F4-6495-3F7A-8440-B0CB17D5BBB9}.Debug|Any CPU.ActiveCfg = Debug|Any CPU
		{F5F253F4-6495-3F7A-8440-B0CB17D5BBB9}.Debug|Any CPU.Build.0 = Debug|Any CPU
		{F5F253F4-6495-3F7A-8440-B0CB17D5BBB9}.Release|Any CPU.ActiveCfg = Release|Any CPU
		{F5F253F4-6495-3F7A-8440-B0CB17D5BBB9}.Release|Any CPU.Build.0 = Release|Any CPU
	EndGlobalSection
	GlobalSection(SolutionProperties) = preSolution
		HideSolutionNode = FALSE
	EndGlobalSection
	GlobalSection(ExtensibilityGlobals) = postSolution
		SolutionGuid = {92FAECF6-F114-49F4-9762-147301DBA26D}
	EndGlobalSection
EndGlobal
